
Microsoft Visual Studio Solution File, Format Version 12.00
# Visual Studio Version 16
VisualStudioVersion = 16.0.32510.428
MinimumVisualStudioVersion = 10.0.40219.1
Project("{FAE04EC0-301F-11D3-BF4B-00C04F79EFBC}") = "OverPutty", "OverPutty\OverPutty.csproj", "{12776B87-7C29-4397-BD21-F1BACC518570}"
EndProject
Global
	GlobalSection(SolutionConfigurationPlatforms) = preSolution
		Debug|Any CPU = Debug|Any CPU
		Release|Any CPU = Release|Any CPU
	EndGlobalSection
	GlobalSection(ProjectConfigurationPlatforms) = postSolution
		{12776B87-7C29-4397-BD21-F1BACC518570}.Debug|Any CPU.ActiveCfg = Debug|Any CPU
		{12776B87-7C29-4397-BD21-F1BACC518570}.Debug|Any CPU.Build.0 = Debug|Any CPU
		{12776B87-7C29-4397-BD21-F1BACC518570}.Release|Any CPU.ActiveCfg = Release|Any CPU
		{12776B87-7C29-4397-BD21-F1BACC518570}.Release|Any CPU.Build.0 = Release|Any CPU
	EndGlobalSection
	GlobalSection(SolutionProperties) = preSolution
		HideSolutionNode = FALSE
	EndGlobalSection
	GlobalSection(ExtensibilityGlobals) = postSolution
		SolutionGuid = {4C79ABC2-C7B9-41C5-BB83-A8B1999F1450}
	EndGlobalSection
EndGlobal
